
Microsoft Visual Studio Solution File, Format Version 10.00
# Visual Studio 2008
Project("{FAE04EC0-301F-11D3-BF4B-00C04F79EFBC}") = "Morphologer", "Morphologer.csproj", "{6F541755-110A-4E99-9D8A-764F894D2AC7}"
EndProject
Project("{FAE04EC0-301F-11D3-BF4B-00C04F79EFBC}") = "GenericTools", "..\GenericTools\GenericTools.csproj", "{7AEB4A15-8603-4675-B636-98DA6292291A}"
EndProject
Project("{FAE04EC0-301F-11D3-BF4B-00C04F79EFBC}") = "Grammarian", "..\Grammarian\Grammarian.csproj", "{5B36F670-EB0A-41AC-A6F5-F2E2B53DF732}"
EndProject
Project("{FAE04EC0-301F-11D3-BF4B-00C04F79EFBC}") = "PluggerBase", "..\PluggerBase\PluggerBase\PluggerBase.csproj", "{4D2297C0-FE51-4056-80CD-A72469075B10}"
EndProject
Global
	GlobalSection(SolutionConfigurationPlatforms) = preSolution
		Debug|Any CPU = Debug|Any CPU
		Release|Any CPU = Release|Any CPU
	EndGlobalSection
	GlobalSection(ProjectConfigurationPlatforms) = postSolution
		{4D2297C0-FE51-4056-80CD-A72469075B10}.Debug|Any CPU.ActiveCfg = Debug|Any CPU
		{4D2297C0-FE51-4056-80CD-A72469075B10}.Debug|Any CPU.Build.0 = Debug|Any CPU
		{4D2297C0-FE51-4056-80CD-A72469075B10}.Release|Any CPU.ActiveCfg = Release|Any CPU
		{4D2297C0-FE51-4056-80CD-A72469075B10}.Release|Any CPU.Build.0 = Release|Any CPU
		{5B36F670-EB0A-41AC-A6F5-F2E2B53DF732}.Debug|Any CPU.ActiveCfg = Debug|Any CPU
		{5B36F670-EB0A-41AC-A6F5-F2E2B53DF732}.Debug|Any CPU.Build.0 = Debug|Any CPU
		{5B36F670-EB0A-41AC-A6F5-F2E2B53DF732}.Release|Any CPU.ActiveCfg = Release|Any CPU
		{5B36F670-EB0A-41AC-A6F5-F2E2B53DF732}.Release|Any CPU.Build.0 = Release|Any CPU
		{6F541755-110A-4E99-9D8A-764F894D2AC7}.Debug|Any CPU.ActiveCfg = Debug|Any CPU
		{6F541755-110A-4E99-9D8A-764F894D2AC7}.Debug|Any CPU.Build.0 = Debug|Any CPU
		{6F541755-110A-4E99-9D8A-764F894D2AC7}.Release|Any CPU.ActiveCfg = Release|Any CPU
		{6F541755-110A-4E99-9D8A-764F894D2AC7}.Release|Any CPU.Build.0 = Release|Any CPU
		{7AEB4A15-8603-4675-B636-98DA6292291A}.Debug|Any CPU.ActiveCfg = Debug|Any CPU
		{7AEB4A15-8603-4675-B636-98DA6292291A}.Debug|Any CPU.Build.0 = Debug|Any CPU
		{7AEB4A15-8603-4675-B636-98DA6292291A}.Release|Any CPU.ActiveCfg = Release|Any CPU
		{7AEB4A15-8603-4675-B636-98DA6292291A}.Release|Any CPU.Build.0 = Release|Any CPU
	EndGlobalSection
	GlobalSection(MonoDevelopProperties) = preSolution
		StartupItem = Morphologer.csproj
	EndGlobalSection
EndGlobal
